
Microsoft Visual Studio Solution File, Format Version 12.00
# Visual Studio Version 16
VisualStudioVersion = 16.0.29920.165
MinimumVisualStudioVersion = 10.0.40219.1
Project("{FAE04EC0-301F-11D3-BF4B-00C04F79EFBC}") = "homework_7", "homework_7\homework_7.csproj", "{7611613B-0A02-45C4-8F03-403ACD63277E}"
EndProject
Global
	GlobalSection(SolutionConfigurationPlatforms) = preSolution
		Debug|Any CPU = Debug|Any CPU
		Release|Any CPU = Release|Any CPU
	EndGlobalSection
	GlobalSection(ProjectConfigurationPlatforms) = postSolution
		{7611613B-0A02-45C4-8F03-403ACD63277E}.Debug|Any CPU.ActiveCfg = Debug|Any CPU
		{7611613B-0A02-45C4-8F03-403ACD63277E}.Debug|Any CPU.Build.0 = Debug|Any CPU
		{7611613B-0A02-45C4-8F03-403ACD63277E}.Release|Any CPU.ActiveCfg = Release|Any CPU
		{7611613B-0A02-45C4-8F03-403ACD63277E}.Release|Any CPU.Build.0 = Release|Any CPU
	EndGlobalSection
	GlobalSection(SolutionProperties) = preSolution
		HideSolutionNode = FALSE
	EndGlobalSection
	GlobalSection(ExtensibilityGlobals) = postSolution
		SolutionGuid = {89265144-6C70-42FC-9C25-F098CB4F08AC}
	EndGlobalSection
EndGlobal
